
Microsoft Visual Studio Solution File, Format Version 12.00
# Visual Studio 15
VisualStudioVersion = 15.0.27428.2037
MinimumVisualStudioVersion = 10.0.40219.1
Project("{FAE04EC0-301F-11D3-BF4B-00C04F79EFBC}") = "OfficeTools", "OfficeTools\OfficeTools.csproj", "{4F7B717F-6F69-4C10-828A-E25D9DEB6B79}"
EndProject
Project("{FAE04EC0-301F-11D3-BF4B-00C04F79EFBC}") = "OfficeToolControlTest", "OfficeToolControlTest\OfficeToolControlTest.csproj", "{6F01DDBE-44C7-45BE-8AF9-7D76A761C0D6}"
EndProject
Project("{FAE04EC0-301F-11D3-BF4B-00C04F79EFBC}") = "OfficeToolCommons", "OfficeToolCommons\OfficeToolCommons.csproj", "{87698C08-E56A-4712-B805-6B4B5ED85B92}"
EndProject
Global
	GlobalSection(SolutionConfigurationPlatforms) = preSolution
		Debug|Any CPU = Debug|Any CPU
		Release|Any CPU = Release|Any CPU
	EndGlobalSection
	GlobalSection(ProjectConfigurationPlatforms) = postSolution
		{4F7B717F-6F69-4C10-828A-E25D9DEB6B79}.Debug|Any CPU.ActiveCfg = Debug|Any CPU
		{4F7B717F-6F69-4C10-828A-E25D9DEB6B79}.Debug|Any CPU.Build.0 = Debug|Any CPU
		{4F7B717F-6F69-4C10-828A-E25D9DEB6B79}.Release|Any CPU.ActiveCfg = Release|Any CPU
		{4F7B717F-6F69-4C10-828A-E25D9DEB6B79}.Release|Any CPU.Build.0 = Release|Any CPU
		{6F01DDBE-44C7-45BE-8AF9-7D76A761C0D6}.Debug|Any CPU.ActiveCfg = Debug|Any CPU
		{6F01DDBE-44C7-45BE-8AF9-7D76A761C0D6}.Debug|Any CPU.Build.0 = Debug|Any CPU
		{6F01DDBE-44C7-45BE-8AF9-7D76A761C0D6}.Release|Any CPU.ActiveCfg = Release|Any CPU
		{6F01DDBE-44C7-45BE-8AF9-7D76A761C0D6}.Release|Any CPU.Build.0 = Release|Any CPU
		{87698C08-E56A-4712-B805-6B4B5ED85B92}.Debug|Any CPU.ActiveCfg = Debug|Any CPU
		{87698C08-E56A-4712-B805-6B4B5ED85B92}.Debug|Any CPU.Build.0 = Debug|Any CPU
		{87698C08-E56A-4712-B805-6B4B5ED85B92}.Release|Any CPU.ActiveCfg = Release|Any CPU
		{87698C08-E56A-4712-B805-6B4B5ED85B92}.Release|Any CPU.Build.0 = Release|Any CPU
	EndGlobalSection
	GlobalSection(SolutionProperties) = preSolution
		HideSolutionNode = FALSE
	EndGlobalSection
	GlobalSection(ExtensibilityGlobals) = postSolution
		SolutionGuid = {C90DF0E5-B326-49C6-8210-41E35E058477}
	EndGlobalSection
EndGlobal
